
Microsoft Visual Studio Solution File, Format Version 12.00
# Visual Studio Version 17
VisualStudioVersion = 17.12.35323.107
MinimumVisualStudioVersion = 10.0.40219.1
Project("{FAE04EC0-301F-11D3-BF4B-00C04F79EFBC}") = "AssistantSample", "app\AISearchSample.csproj", "{14FB5402-C2B2-463A-875B-7CF6F76CB2F1}"
EndProject
Global
	GlobalSection(SolutionConfigurationPlatforms) = preSolution
		Debug|Any CPU = Debug|Any CPU
		Release|Any CPU = Release|Any CPU
	EndGlobalSection
	GlobalSection(ProjectConfigurationPlatforms) = postSolution
		{14FB5402-C2B2-463A-875B-7CF6F76CB2F1}.Debug|Any CPU.ActiveCfg = Debug|Any CPU
		{14FB5402-C2B2-463A-875B-7CF6F76CB2F1}.Debug|Any CPU.Build.0 = Debug|Any CPU
		{14FB5402-C2B2-463A-875B-7CF6F76CB2F1}.Release|Any CPU.ActiveCfg = Release|Any CPU
		{14FB5402-C2B2-463A-875B-7CF6F76CB2F1}.Release|Any CPU.Build.0 = Release|Any CPU
	EndGlobalSection
	GlobalSection(SolutionProperties) = preSolution
		HideSolutionNode = FALSE
	EndGlobalSection
	GlobalSection(ExtensibilityGlobals) = postSolution
		SolutionGuid = {965CA4EB-2A84-4BFF-80E9-AD65DC0B9623}
	EndGlobalSection
EndGlobal
